// !$*UTF8*$!
{
	archiveVersion = 1;
	classes = {
	};
	objectVersion = 56;
	objects = {

/* Begin PBXBuildFile section */
		3C0D6FF52914886400C7C91B /* ModalInfoLine.swift in Sources */ = {isa = PBXBuildFile; fileRef = 3C0D6FF42914886400C7C91B /* ModalInfoLine.swift */; };
		3C20772C2920C1EC00689B3D /* UserModel.swift in Sources */ = {isa = PBXBuildFile; fileRef = 3C20772B2920C1EC00689B3D /* UserModel.swift */; };
		3C20772E2920C20200689B3D /* PostModel.swift in Sources */ = {isa = PBXBuildFile; fileRef = 3C20772D2920C20200689B3D /* PostModel.swift */; };
		3C2077302920C26100689B3D /* WebService.swift in Sources */ = {isa = PBXBuildFile; fileRef = 3C20772F2920C26100689B3D /* WebService.swift */; };
		3C2077312920C2C400689B3D /* Pods_gripp_ios.framework in Frameworks */ = {isa = PBXBuildFile; fileRef = 73DFB0D2A38862808A610522 /* Pods_gripp_ios.framework */; };
		3C2BE4EA28D8CD7B007A24FD /* gripp_iosApp.swift in Sources */ = {isa = PBXBuildFile; fileRef = 3C2BE4E928D8CD7B007A24FD /* gripp_iosApp.swift */; };
		3C2BE4EC28D8CD7B007A24FD /* Persistence.swift in Sources */ = {isa = PBXBuildFile; fileRef = 3C2BE4EB28D8CD7B007A24FD /* Persistence.swift */; };
		3C2BE4EF28D8CD7B007A24FD /* gripp_ios.xcdatamodeld in Sources */ = {isa = PBXBuildFile; fileRef = 3C2BE4ED28D8CD7B007A24FD /* gripp_ios.xcdatamodeld */; };
		3C2BE4F128D8CD7B007A24FD /* ContentView.swift in Sources */ = {isa = PBXBuildFile; fileRef = 3C2BE4F028D8CD7B007A24FD /* ContentView.swift */; };
		3C2BE4F328D8CD7C007A24FD /* Assets.xcassets in Resources */ = {isa = PBXBuildFile; fileRef = 3C2BE4F228D8CD7C007A24FD /* Assets.xcassets */; };
		3C2BE4F728D8CD7C007A24FD /* Preview Assets.xcassets in Resources */ = {isa = PBXBuildFile; fileRef = 3C2BE4F628D8CD7C007A24FD /* Preview Assets.xcassets */; };
		3C2BE50128D8CD7C007A24FD /* gripp_iosTests.swift in Sources */ = {isa = PBXBuildFile; fileRef = 3C2BE50028D8CD7C007A24FD /* gripp_iosTests.swift */; };
		3C2BE50B28D8CD7C007A24FD /* gripp_iosUITests.swift in Sources */ = {isa = PBXBuildFile; fileRef = 3C2BE50A28D8CD7C007A24FD /* gripp_iosUITests.swift */; };
		3C2BE50D28D8CD7C007A24FD /* gripp_iosUITestsLaunchTests.swift in Sources */ = {isa = PBXBuildFile; fileRef = 3C2BE50C28D8CD7C007A24FD /* gripp_iosUITestsLaunchTests.swift */; };
		3C3CF0DE2920C40F00DDBE69 /* Config.swift in Sources */ = {isa = PBXBuildFile; fileRef = 3C3CF0DD2920C40F00DDBE69 /* Config.swift */; };
		3C3CF0E02920C81900DDBE69 /* VideoModel.swift in Sources */ = {isa = PBXBuildFile; fileRef = 3C3CF0DF2920C81900DDBE69 /* VideoModel.swift */; };
		3C3CF0E22920E7C800DDBE69 /* UserToken.swift in Sources */ = {isa = PBXBuildFile; fileRef = 3C3CF0E12920E7C800DDBE69 /* UserToken.swift */; };
		3C3CF0E82920EA4A00DDBE69 /* ApiClient.swift in Sources */ = {isa = PBXBuildFile; fileRef = 3C3CF0E72920EA4A00DDBE69 /* ApiClient.swift */; };
		3C3CF0EA2920EAA900DDBE69 /* BaseInterceptor.swift in Sources */ = {isa = PBXBuildFile; fileRef = 3C3CF0E92920EAA900DDBE69 /* BaseInterceptor.swift */; };
		3C3CF0EC2920EC1800DDBE69 /* ApiLogger.swift in Sources */ = {isa = PBXBuildFile; fileRef = 3C3CF0EB2920EC1800DDBE69 /* ApiLogger.swift */; };
		3C3CF0EE2920ED5B00DDBE69 /* AuthRouter.swift in Sources */ = {isa = PBXBuildFile; fileRef = 3C3CF0ED2920ED5B00DDBE69 /* AuthRouter.swift */; };
		3C3CF0F12920F1C700DDBE69 /* AuthApiService.swift in Sources */ = {isa = PBXBuildFile; fileRef = 3C3CF0F02920F1C700DDBE69 /* AuthApiService.swift */; };
		3C4913522913529900792CDF /* TabBarItem.swift in Sources */ = {isa = PBXBuildFile; fileRef = 3C4913512913529900792CDF /* TabBarItem.swift */; };
		3C491354291354C500792CDF /* CustomIcons.xcassets in Resources */ = {isa = PBXBuildFile; fileRef = 3C491353291354C500792CDF /* CustomIcons.xcassets */; };
		3C4913652914087600792CDF /* ViewRouter.swift in Sources */ = {isa = PBXBuildFile; fileRef = 3C4913642914087600792CDF /* ViewRouter.swift */; };
		3C4913672914196800792CDF /* Dimensions.swift in Sources */ = {isa = PBXBuildFile; fileRef = 3C4913662914196800792CDF /* Dimensions.swift */; };
		3C4913692914703E00792CDF /* DanglingModal.swift in Sources */ = {isa = PBXBuildFile; fileRef = 3C4913682914703E00792CDF /* DanglingModal.swift */; };
		3C8A4AA4290DC35A00B7508C /* LoginView.swift in Sources */ = {isa = PBXBuildFile; fileRef = 3C8A4AA3290DC35A00B7508C /* LoginView.swift */; };
		3C8A4AAA290DC4A900B7508C /* LoginSheet.swift in Sources */ = {isa = PBXBuildFile; fileRef = 3C8A4AA9290DC4A900B7508C /* LoginSheet.swift */; };
		3C8A4AAE290DC4C100B7508C /* SignupSheet.swift in Sources */ = {isa = PBXBuildFile; fileRef = 3C8A4AAD290DC4C100B7508C /* SignupSheet.swift */; };
		3C8A4AB0290DD0F100B7508C /* ImageCell.swift in Sources */ = {isa = PBXBuildFile; fileRef = 3C8A4AAF290DD0F100B7508C /* ImageCell.swift */; };
		3C8A4AB4290EC89F00B7508C /* LoadAnimationView.swift in Sources */ = {isa = PBXBuildFile; fileRef = 3C8A4AB3290EC89F00B7508C /* LoadAnimationView.swift */; };
		3C8A4AB6290ED27700B7508C /* PostGridItem.swift in Sources */ = {isa = PBXBuildFile; fileRef = 3C8A4AB5290ED27700B7508C /* PostGridItem.swift */; };
		3C8A4AB8290EFE1100B7508C /* MyGalleryView.swift in Sources */ = {isa = PBXBuildFile; fileRef = 3C8A4AB7290EFE1100B7508C /* MyGalleryView.swift */; };
		3CAEDD392924629800F81AF4 /* LoginViewModel.swift in Sources */ = {isa = PBXBuildFile; fileRef = 3CAEDD382924629800F81AF4 /* LoginViewModel.swift */; };
		3CAEDD3B29246E8600F81AF4 /* TokenModel.swift in Sources */ = {isa = PBXBuildFile; fileRef = 3CAEDD3A29246E8600F81AF4 /* TokenModel.swift */; };
		3CD252962911BBF900AEFABB /* GalleryViewPage.swift in Sources */ = {isa = PBXBuildFile; fileRef = 3CD252952911BBF900AEFABB /* GalleryViewPage.swift */; };
		3CDDF42A28EB9D4900884847 /* RoundedCorner.swift in Sources */ = {isa = PBXBuildFile; fileRef = 3CDDF40A28EB9D4900884847 /* RoundedCorner.swift */; };
		3CDDF42B28EB9D4900884847 /* Color.swift in Sources */ = {isa = PBXBuildFile; fileRef = 3CDDF40B28EB9D4900884847 /* Color.swift */; };
		3CDDF46528EB9E4200884847 /* Roboto-Medium.ttf in Resources */ = {isa = PBXBuildFile; fileRef = 3CDDF45728EB9E4200884847 /* Roboto-Medium.ttf */; };
		3CDDF46628EB9E4200884847 /* Roboto-Light.ttf in Resources */ = {isa = PBXBuildFile; fileRef = 3CDDF45828EB9E4200884847 /* Roboto-Light.ttf */; };
		3CDDF46728EB9E4200884847 /* Roboto-Regular.ttf in Resources */ = {isa = PBXBuildFile; fileRef = 3CDDF45928EB9E4200884847 /* Roboto-Regular.ttf */; };
		3CDDF46828EB9E4200884847 /* Roboto-MediumItalic.ttf in Resources */ = {isa = PBXBuildFile; fileRef = 3CDDF45A28EB9E4200884847 /* Roboto-MediumItalic.ttf */; };
		3CDDF46928EB9E4200884847 /* Roboto.swift in Sources */ = {isa = PBXBuildFile; fileRef = 3CDDF45B28EB9E4200884847 /* Roboto.swift */; };
		3CDDF46A28EB9E4200884847 /* Roboto-ThinItalic.ttf in Resources */ = {isa = PBXBuildFile; fileRef = 3CDDF45C28EB9E4200884847 /* Roboto-ThinItalic.ttf */; };
		3CDDF46B28EB9E4200884847 /* Roboto-BoldItalic.ttf in Resources */ = {isa = PBXBuildFile; fileRef = 3CDDF45D28EB9E4200884847 /* Roboto-BoldItalic.ttf */; };
		3CDDF46C28EB9E4200884847 /* Roboto-LightItalic.ttf in Resources */ = {isa = PBXBuildFile; fileRef = 3CDDF45E28EB9E4200884847 /* Roboto-LightItalic.ttf */; };
		3CDDF46D28EB9E4200884847 /* Roboto-Italic.ttf in Resources */ = {isa = PBXBuildFile; fileRef = 3CDDF45F28EB9E4200884847 /* Roboto-Italic.ttf */; };
		3CDDF46E28EB9E4200884847 /* LICENSE.txt in Resources */ = {isa = PBXBuildFile; fileRef = 3CDDF46028EB9E4200884847 /* LICENSE.txt */; };
		3CDDF46F28EB9E4200884847 /* Roboto-BlackItalic.ttf in Resources */ = {isa = PBXBuildFile; fileRef = 3CDDF46128EB9E4200884847 /* Roboto-BlackItalic.ttf */; };
		3CDDF47028EB9E4200884847 /* Roboto-Bold.ttf in Resources */ = {isa = PBXBuildFile; fileRef = 3CDDF46228EB9E4200884847 /* Roboto-Bold.ttf */; };
		3CDDF47128EB9E4200884847 /* Roboto-Thin.ttf in Resources */ = {isa = PBXBuildFile; fileRef = 3CDDF46328EB9E4200884847 /* Roboto-Thin.ttf */; };
		3CDDF47228EB9E4200884847 /* Roboto-Black.ttf in Resources */ = {isa = PBXBuildFile; fileRef = 3CDDF46428EB9E4200884847 /* Roboto-Black.ttf */; };
		3CDDF47528EBA63000884847 /* ImageGrid.swift in Sources */ = {isa = PBXBuildFile; fileRef = 3CDDF47428EBA63000884847 /* ImageGrid.swift */; };
		3CDDF47C28EBAC7E00884847 /* Leaderboard.swift in Sources */ = {isa = PBXBuildFile; fileRef = 3CDDF47B28EBAC7E00884847 /* Leaderboard.swift */; };
		3CDDF47E28EBB7F400884847 /* ScoreListView.swift in Sources */ = {isa = PBXBuildFile; fileRef = 3CDDF47D28EBB7F400884847 /* ScoreListView.swift */; };
		3CF357CB28EB5E7600646D37 /* HomeView.swift in Sources */ = {isa = PBXBuildFile; fileRef = 3CF357CA28EB5E7600646D37 /* HomeView.swift */; };
		3CFD6AE528EC4B390039EBAF /* UploadView.swift in Sources */ = {isa = PBXBuildFile; fileRef = 3CFD6AE428EC4B390039EBAF /* UploadView.swift */; };
		3CFD6AE928EC8F720039EBAF /* GalleryView.swift in Sources */ = {isa = PBXBuildFile; fileRef = 3CFD6AE828EC8F720039EBAF /* GalleryView.swift */; };
		3CFD6AF928ECB5910039EBAF /* img4.jpg in Resources */ = {isa = PBXBuildFile; fileRef = 3CFD6AEB28ECB5900039EBAF /* img4.jpg */; };
		3CFD6AFA28ECB5910039EBAF /* img9.jpg in Resources */ = {isa = PBXBuildFile; fileRef = 3CFD6AEC28ECB5900039EBAF /* img9.jpg */; };
		3CFD6AFB28ECB5910039EBAF /* img13.jpg in Resources */ = {isa = PBXBuildFile; fileRef = 3CFD6AED28ECB5900039EBAF /* img13.jpg */; };
		3CFD6AFC28ECB5910039EBAF /* img5.jpg in Resources */ = {isa = PBXBuildFile; fileRef = 3CFD6AEE28ECB5900039EBAF /* img5.jpg */; };
		3CFD6AFD28ECB5910039EBAF /* img7.jpg in Resources */ = {isa = PBXBuildFile; fileRef = 3CFD6AEF28ECB5900039EBAF /* img7.jpg */; };
		3CFD6AFE28ECB5910039EBAF /* img8.jpg in Resources */ = {isa = PBXBuildFile; fileRef = 3CFD6AF028ECB5900039EBAF /* img8.jpg */; };
		3CFD6AFF28ECB5910039EBAF /* img2.jpg in Resources */ = {isa = PBXBuildFile; fileRef = 3CFD6AF128ECB5900039EBAF /* img2.jpg */; };
		3CFD6B0028ECB5910039EBAF /* img6.jpg in Resources */ = {isa = PBXBuildFile; fileRef = 3CFD6AF228ECB5900039EBAF /* img6.jpg */; };
		3CFD6B0128ECB5910039EBAF /* img12.jpg in Resources */ = {isa = PBXBuildFile; fileRef = 3CFD6AF328ECB5910039EBAF /* img12.jpg */; };
		3CFD6B0228ECB5910039EBAF /* img10.jpg in Resources */ = {isa = PBXBuildFile; fileRef = 3CFD6AF428ECB5910039EBAF /* img10.jpg */; };
		3CFD6B0328ECB5910039EBAF /* img11.jpg in Resources */ = {isa = PBXBuildFile; fileRef = 3CFD6AF528ECB5910039EBAF /* img11.jpg */; };
		3CFD6B0428ECB5910039EBAF /* img14.jpg in Resources */ = {isa = PBXBuildFile; fileRef = 3CFD6AF628ECB5910039EBAF /* img14.jpg */; };
		3CFD6B0528ECB5910039EBAF /* img1.jpg in Resources */ = {isa = PBXBuildFile; fileRef = 3CFD6AF728ECB5910039EBAF /* img1.jpg */; };
		3CFD6B0628ECB5910039EBAF /* img3.jpg in Resources */ = {isa = PBXBuildFile; fileRef = 3CFD6AF828ECB5910039EBAF /* img3.jpg */; };
		3CFD6B0928EE488B0039EBAF /* PlayerView.swift in Sources */ = {isa = PBXBuildFile; fileRef = 3CFD6B0828EE488B0039EBAF /* PlayerView.swift */; };
		BDCB942D2CB3B7A8087FD5EC /* Pods_gripp_ios_gripp_iosUITests.framework in Frameworks */ = {isa = PBXBuildFile; fileRef = E2F689AA517D07AB83D850C6 /* Pods_gripp_ios_gripp_iosUITests.framework */; };
		C876AA86E518B084950945FE /* Pods_gripp_iosTests.framework in Frameworks */ = {isa = PBXBuildFile; fileRef = CD3D4E74320BD39D2342E3EE /* Pods_gripp_iosTests.framework */; };
/* End PBXBuildFile section */

/* Begin PBXContainerItemProxy section */
		3C2BE4FD28D8CD7C007A24FD /* PBXContainerItemProxy */ = {
			isa = PBXContainerItemProxy;
			containerPortal = 3C2BE4DE28D8CD7B007A24FD /* Project object */;
			proxyType = 1;
			remoteGlobalIDString = 3C2BE4E528D8CD7B007A24FD;
			remoteInfo = "gripp-ios";
		};
		3C2BE50728D8CD7C007A24FD /* PBXContainerItemProxy */ = {
			isa = PBXContainerItemProxy;
			containerPortal = 3C2BE4DE28D8CD7B007A24FD /* Project object */;
			proxyType = 1;
			remoteGlobalIDString = 3C2BE4E528D8CD7B007A24FD;
			remoteInfo = "gripp-ios";
		};
/* End PBXContainerItemProxy section */

/* Begin PBXFileReference section */
		3C0D6FF42914886400C7C91B /* ModalInfoLine.swift */ = {isa = PBXFileReference; lastKnownFileType = sourcecode.swift; path = ModalInfoLine.swift; sourceTree = "<group>"; };
		3C20772B2920C1EC00689B3D /* UserModel.swift */ = {isa = PBXFileReference; lastKnownFileType = sourcecode.swift; path = UserModel.swift; sourceTree = "<group>"; };
		3C20772D2920C20200689B3D /* PostModel.swift */ = {isa = PBXFileReference; lastKnownFileType = sourcecode.swift; path = PostModel.swift; sourceTree = "<group>"; };
		3C20772F2920C26100689B3D /* WebService.swift */ = {isa = PBXFileReference; lastKnownFileType = sourcecode.swift; path = WebService.swift; sourceTree = "<group>"; };
		3C2BE4E628D8CD7B007A24FD /* gripp-ios.app */ = {isa = PBXFileReference; explicitFileType = wrapper.application; includeInIndex = 0; path = "gripp-ios.app"; sourceTree = BUILT_PRODUCTS_DIR; };
		3C2BE4E928D8CD7B007A24FD /* gripp_iosApp.swift */ = {isa = PBXFileReference; lastKnownFileType = sourcecode.swift; path = gripp_iosApp.swift; sourceTree = "<group>"; };
		3C2BE4EB28D8CD7B007A24FD /* Persistence.swift */ = {isa = PBXFileReference; lastKnownFileType = sourcecode.swift; path = Persistence.swift; sourceTree = "<group>"; };
		3C2BE4EE28D8CD7B007A24FD /* gripp_ios.xcdatamodel */ = {isa = PBXFileReference; lastKnownFileType = wrapper.xcdatamodel; path = gripp_ios.xcdatamodel; sourceTree = "<group>"; };
		3C2BE4F028D8CD7B007A24FD /* ContentView.swift */ = {isa = PBXFileReference; lastKnownFileType = sourcecode.swift; path = ContentView.swift; sourceTree = "<group>"; };
		3C2BE4F228D8CD7C007A24FD /* Assets.xcassets */ = {isa = PBXFileReference; lastKnownFileType = folder.assetcatalog; path = Assets.xcassets; sourceTree = "<group>"; };
		3C2BE4F428D8CD7C007A24FD /* gripp_ios.entitlements */ = {isa = PBXFileReference; lastKnownFileType = text.plist.entitlements; path = gripp_ios.entitlements; sourceTree = "<group>"; };
		3C2BE4F628D8CD7C007A24FD /* Preview Assets.xcassets */ = {isa = PBXFileReference; lastKnownFileType = folder.assetcatalog; path = "Preview Assets.xcassets"; sourceTree = "<group>"; };
		3C2BE4FC28D8CD7C007A24FD /* gripp-iosTests.xctest */ = {isa = PBXFileReference; explicitFileType = wrapper.cfbundle; includeInIndex = 0; path = "gripp-iosTests.xctest"; sourceTree = BUILT_PRODUCTS_DIR; };
		3C2BE50028D8CD7C007A24FD /* gripp_iosTests.swift */ = {isa = PBXFileReference; lastKnownFileType = sourcecode.swift; path = gripp_iosTests.swift; sourceTree = "<group>"; };
		3C2BE50628D8CD7C007A24FD /* gripp-iosUITests.xctest */ = {isa = PBXFileReference; explicitFileType = wrapper.cfbundle; includeInIndex = 0; path = "gripp-iosUITests.xctest"; sourceTree = BUILT_PRODUCTS_DIR; };
		3C2BE50A28D8CD7C007A24FD /* gripp_iosUITests.swift */ = {isa = PBXFileReference; lastKnownFileType = sourcecode.swift; path = gripp_iosUITests.swift; sourceTree = "<group>"; };
		3C2BE50C28D8CD7C007A24FD /* gripp_iosUITestsLaunchTests.swift */ = {isa = PBXFileReference; lastKnownFileType = sourcecode.swift; path = gripp_iosUITestsLaunchTests.swift; sourceTree = "<group>"; };
		3C3CF0DD2920C40F00DDBE69 /* Config.swift */ = {isa = PBXFileReference; lastKnownFileType = sourcecode.swift; path = Config.swift; sourceTree = "<group>"; };
		3C3CF0DF2920C81900DDBE69 /* VideoModel.swift */ = {isa = PBXFileReference; lastKnownFileType = sourcecode.swift; path = VideoModel.swift; sourceTree = "<group>"; };
		3C3CF0E12920E7C800DDBE69 /* UserToken.swift */ = {isa = PBXFileReference; lastKnownFileType = sourcecode.swift; path = UserToken.swift; sourceTree = "<group>"; };
		3C3CF0E72920EA4A00DDBE69 /* ApiClient.swift */ = {isa = PBXFileReference; lastKnownFileType = sourcecode.swift; path = ApiClient.swift; sourceTree = "<group>"; };
		3C3CF0E92920EAA900DDBE69 /* BaseInterceptor.swift */ = {isa = PBXFileReference; lastKnownFileType = sourcecode.swift; path = BaseInterceptor.swift; sourceTree = "<group>"; };
		3C3CF0EB2920EC1800DDBE69 /* ApiLogger.swift */ = {isa = PBXFileReference; lastKnownFileType = sourcecode.swift; path = ApiLogger.swift; sourceTree = "<group>"; };
		3C3CF0ED2920ED5B00DDBE69 /* AuthRouter.swift */ = {isa = PBXFileReference; lastKnownFileType = sourcecode.swift; path = AuthRouter.swift; sourceTree = "<group>"; };
		3C3CF0F02920F1C700DDBE69 /* AuthApiService.swift */ = {isa = PBXFileReference; lastKnownFileType = sourcecode.swift; path = AuthApiService.swift; sourceTree = "<group>"; };
		3C4913512913529900792CDF /* TabBarItem.swift */ = {isa = PBXFileReference; lastKnownFileType = sourcecode.swift; path = TabBarItem.swift; sourceTree = "<group>"; };
		3C491353291354C500792CDF /* CustomIcons.xcassets */ = {isa = PBXFileReference; lastKnownFileType = folder.assetcatalog; path = CustomIcons.xcassets; sourceTree = "<group>"; };
		3C4913642914087600792CDF /* ViewRouter.swift */ = {isa = PBXFileReference; lastKnownFileType = sourcecode.swift; path = ViewRouter.swift; sourceTree = "<group>"; };
		3C4913662914196800792CDF /* Dimensions.swift */ = {isa = PBXFileReference; lastKnownFileType = sourcecode.swift; path = Dimensions.swift; sourceTree = "<group>"; };
		3C4913682914703E00792CDF /* DanglingModal.swift */ = {isa = PBXFileReference; lastKnownFileType = sourcecode.swift; path = DanglingModal.swift; sourceTree = "<group>"; };
		3C8A4AA3290DC35A00B7508C /* LoginView.swift */ = {isa = PBXFileReference; fileEncoding = 4; lastKnownFileType = sourcecode.swift; path = LoginView.swift; sourceTree = "<group>"; };
		3C8A4AA9290DC4A900B7508C /* LoginSheet.swift */ = {isa = PBXFileReference; fileEncoding = 4; lastKnownFileType = sourcecode.swift; path = LoginSheet.swift; sourceTree = "<group>"; };
		3C8A4AAD290DC4C100B7508C /* SignupSheet.swift */ = {isa = PBXFileReference; fileEncoding = 4; lastKnownFileType = sourcecode.swift; path = SignupSheet.swift; sourceTree = "<group>"; };
		3C8A4AAF290DD0F100B7508C /* ImageCell.swift */ = {isa = PBXFileReference; lastKnownFileType = sourcecode.swift; path = ImageCell.swift; sourceTree = "<group>"; };
		3C8A4AB3290EC89F00B7508C /* LoadAnimationView.swift */ = {isa = PBXFileReference; lastKnownFileType = sourcecode.swift; path = LoadAnimationView.swift; sourceTree = "<group>"; };
		3C8A4AB5290ED27700B7508C /* PostGridItem.swift */ = {isa = PBXFileReference; lastKnownFileType = sourcecode.swift; path = PostGridItem.swift; sourceTree = "<group>"; };
		3C8A4AB7290EFE1100B7508C /* MyGalleryView.swift */ = {isa = PBXFileReference; lastKnownFileType = sourcecode.swift; path = MyGalleryView.swift; sourceTree = "<group>"; };
		3CAEDD382924629800F81AF4 /* LoginViewModel.swift */ = {isa = PBXFileReference; lastKnownFileType = sourcecode.swift; path = LoginViewModel.swift; sourceTree = "<group>"; };
		3CAEDD3A29246E8600F81AF4 /* TokenModel.swift */ = {isa = PBXFileReference; lastKnownFileType = sourcecode.swift; path = TokenModel.swift; sourceTree = "<group>"; };
		3CD252952911BBF900AEFABB /* GalleryViewPage.swift */ = {isa = PBXFileReference; lastKnownFileType = sourcecode.swift; path = GalleryViewPage.swift; sourceTree = "<group>"; };
		3CDDF40A28EB9D4900884847 /* RoundedCorner.swift */ = {isa = PBXFileReference; fileEncoding = 4; lastKnownFileType = sourcecode.swift; path = RoundedCorner.swift; sourceTree = "<group>"; };
		3CDDF40B28EB9D4900884847 /* Color.swift */ = {isa = PBXFileReference; fileEncoding = 4; lastKnownFileType = sourcecode.swift; path = Color.swift; sourceTree = "<group>"; };
		3CDDF45728EB9E4200884847 /* Roboto-Medium.ttf */ = {isa = PBXFileReference; lastKnownFileType = file; path = "Roboto-Medium.ttf"; sourceTree = "<group>"; };
		3CDDF45828EB9E4200884847 /* Roboto-Light.ttf */ = {isa = PBXFileReference; lastKnownFileType = file; path = "Roboto-Light.ttf"; sourceTree = "<group>"; };
		3CDDF45928EB9E4200884847 /* Roboto-Regular.ttf */ = {isa = PBXFileReference; lastKnownFileType = file; path = "Roboto-Regular.ttf"; sourceTree = "<group>"; };
		3CDDF45A28EB9E4200884847 /* Roboto-MediumItalic.ttf */ = {isa = PBXFileReference; lastKnownFileType = file; path = "Roboto-MediumItalic.ttf"; sourceTree = "<group>"; };
		3CDDF45B28EB9E4200884847 /* Roboto.swift */ = {isa = PBXFileReference; fileEncoding = 4; lastKnownFileType = sourcecode.swift; path = Roboto.swift; sourceTree = "<group>"; };
		3CDDF45C28EB9E4200884847 /* Roboto-ThinItalic.ttf */ = {isa = PBXFileReference; lastKnownFileType = file; path = "Roboto-ThinItalic.ttf"; sourceTree = "<group>"; };
		3CDDF45D28EB9E4200884847 /* Roboto-BoldItalic.ttf */ = {isa = PBXFileReference; lastKnownFileType = file; path = "Roboto-BoldItalic.ttf"; sourceTree = "<group>"; };
		3CDDF45E28EB9E4200884847 /* Roboto-LightItalic.ttf */ = {isa = PBXFileReference; lastKnownFileType = file; path = "Roboto-LightItalic.ttf"; sourceTree = "<group>"; };
		3CDDF45F28EB9E4200884847 /* Roboto-Italic.ttf */ = {isa = PBXFileReference; lastKnownFileType = file; path = "Roboto-Italic.ttf"; sourceTree = "<group>"; };
		3CDDF46028EB9E4200884847 /* LICENSE.txt */ = {isa = PBXFileReference; fileEncoding = 4; lastKnownFileType = text; path = LICENSE.txt; sourceTree = "<group>"; };
		3CDDF46128EB9E4200884847 /* Roboto-BlackItalic.ttf */ = {isa = PBXFileReference; lastKnownFileType = file; path = "Roboto-BlackItalic.ttf"; sourceTree = "<group>"; };
		3CDDF46228EB9E4200884847 /* Roboto-Bold.ttf */ = {isa = PBXFileReference; lastKnownFileType = file; path = "Roboto-Bold.ttf"; sourceTree = "<group>"; };
		3CDDF46328EB9E4200884847 /* Roboto-Thin.ttf */ = {isa = PBXFileReference; lastKnownFileType = file; path = "Roboto-Thin.ttf"; sourceTree = "<group>"; };
		3CDDF46428EB9E4200884847 /* Roboto-Black.ttf */ = {isa = PBXFileReference; lastKnownFileType = file; path = "Roboto-Black.ttf"; sourceTree = "<group>"; };
		3CDDF47328EBA26A00884847 /* Info.plist */ = {isa = PBXFileReference; lastKnownFileType = text.plist; path = Info.plist; sourceTree = "<group>"; };
		3CDDF47428EBA63000884847 /* ImageGrid.swift */ = {isa = PBXFileReference; lastKnownFileType = sourcecode.swift; path = ImageGrid.swift; sourceTree = "<group>"; };
		3CDDF47B28EBAC7E00884847 /* Leaderboard.swift */ = {isa = PBXFileReference; lastKnownFileType = sourcecode.swift; path = Leaderboard.swift; sourceTree = "<group>"; };
		3CDDF47D28EBB7F400884847 /* ScoreListView.swift */ = {isa = PBXFileReference; lastKnownFileType = sourcecode.swift; path = ScoreListView.swift; sourceTree = "<group>"; };
		3CF357CA28EB5E7600646D37 /* HomeView.swift */ = {isa = PBXFileReference; lastKnownFileType = sourcecode.swift; path = HomeView.swift; sourceTree = "<group>"; };
		3CFD6AE428EC4B390039EBAF /* UploadView.swift */ = {isa = PBXFileReference; lastKnownFileType = sourcecode.swift; path = UploadView.swift; sourceTree = "<group>"; };
		3CFD6AE828EC8F720039EBAF /* GalleryView.swift */ = {isa = PBXFileReference; lastKnownFileType = sourcecode.swift; path = GalleryView.swift; sourceTree = "<group>"; };
		3CFD6AEB28ECB5900039EBAF /* img4.jpg */ = {isa = PBXFileReference; lastKnownFileType = image.jpeg; path = img4.jpg; sourceTree = "<group>"; };
		3CFD6AEC28ECB5900039EBAF /* img9.jpg */ = {isa = PBXFileReference; lastKnownFileType = image.jpeg; path = img9.jpg; sourceTree = "<group>"; };
		3CFD6AED28ECB5900039EBAF /* img13.jpg */ = {isa = PBXFileReference; lastKnownFileType = image.jpeg; path = img13.jpg; sourceTree = "<group>"; };
		3CFD6AEE28ECB5900039EBAF /* img5.jpg */ = {isa = PBXFileReference; lastKnownFileType = image.jpeg; path = img5.jpg; sourceTree = "<group>"; };
		3CFD6AEF28ECB5900039EBAF /* img7.jpg */ = {isa = PBXFileReference; lastKnownFileType = image.jpeg; path = img7.jpg; sourceTree = "<group>"; };
		3CFD6AF028ECB5900039EBAF /* img8.jpg */ = {isa = PBXFileReference; lastKnownFileType = image.jpeg; path = img8.jpg; sourceTree = "<group>"; };
		3CFD6AF128ECB5900039EBAF /* img2.jpg */ = {isa = PBXFileReference; lastKnownFileType = image.jpeg; path = img2.jpg; sourceTree = "<group>"; };
		3CFD6AF228ECB5900039EBAF /* img6.jpg */ = {isa = PBXFileReference; lastKnownFileType = image.jpeg; path = img6.jpg; sourceTree = "<group>"; };
		3CFD6AF328ECB5910039EBAF /* img12.jpg */ = {isa = PBXFileReference; lastKnownFileType = image.jpeg; path = img12.jpg; sourceTree = "<group>"; };
		3CFD6AF428ECB5910039EBAF /* img10.jpg */ = {isa = PBXFileReference; lastKnownFileType = image.jpeg; path = img10.jpg; sourceTree = "<group>"; };
		3CFD6AF528ECB5910039EBAF /* img11.jpg */ = {isa = PBXFileReference; lastKnownFileType = image.jpeg; path = img11.jpg; sourceTree = "<group>"; };
		3CFD6AF628ECB5910039EBAF /* img14.jpg */ = {isa = PBXFileReference; lastKnownFileType = image.jpeg; path = img14.jpg; sourceTree = "<group>"; };
		3CFD6AF728ECB5910039EBAF /* img1.jpg */ = {isa = PBXFileReference; lastKnownFileType = image.jpeg; path = img1.jpg; sourceTree = "<group>"; };
		3CFD6AF828ECB5910039EBAF /* img3.jpg */ = {isa = PBXFileReference; lastKnownFileType = image.jpeg; path = img3.jpg; sourceTree = "<group>"; };
		3CFD6B0828EE488B0039EBAF /* PlayerView.swift */ = {isa = PBXFileReference; lastKnownFileType = sourcecode.swift; path = PlayerView.swift; sourceTree = "<group>"; };
		3FF9E6070CD64904AF6CC7B6 /* Pods-gripp-ios.debug.xcconfig */ = {isa = PBXFileReference; includeInIndex = 1; lastKnownFileType = text.xcconfig; name = "Pods-gripp-ios.debug.xcconfig"; path = "Target Support Files/Pods-gripp-ios/Pods-gripp-ios.debug.xcconfig"; sourceTree = "<group>"; };
		6BBC698D32C48B3D2DE4ED4B /* Pods-gripp-iosTests.debug.xcconfig */ = {isa = PBXFileReference; includeInIndex = 1; lastKnownFileType = text.xcconfig; name = "Pods-gripp-iosTests.debug.xcconfig"; path = "Target Support Files/Pods-gripp-iosTests/Pods-gripp-iosTests.debug.xcconfig"; sourceTree = "<group>"; };
		73DFB0D2A38862808A610522 /* Pods_gripp_ios.framework */ = {isa = PBXFileReference; explicitFileType = wrapper.framework; includeInIndex = 0; path = Pods_gripp_ios.framework; sourceTree = BUILT_PRODUCTS_DIR; };
		84A53AF294A0F42454E7AA0D /* Pods-gripp-ios-gripp-iosUITests.debug.xcconfig */ = {isa = PBXFileReference; includeInIndex = 1; lastKnownFileType = text.xcconfig; name = "Pods-gripp-ios-gripp-iosUITests.debug.xcconfig"; path = "Target Support Files/Pods-gripp-ios-gripp-iosUITests/Pods-gripp-ios-gripp-iosUITests.debug.xcconfig"; sourceTree = "<group>"; };
		BEDEE73EAE526A6DDF825A03 /* Pods-gripp-iosTests.release.xcconfig */ = {isa = PBXFileReference; includeInIndex = 1; lastKnownFileType = text.xcconfig; name = "Pods-gripp-iosTests.release.xcconfig"; path = "Target Support Files/Pods-gripp-iosTests/Pods-gripp-iosTests.release.xcconfig"; sourceTree = "<group>"; };
		CD3D4E74320BD39D2342E3EE /* Pods_gripp_iosTests.framework */ = {isa = PBXFileReference; explicitFileType = wrapper.framework; includeInIndex = 0; path = Pods_gripp_iosTests.framework; sourceTree = BUILT_PRODUCTS_DIR; };
		E10DA180CC81AED9E29BD843 /* Pods-gripp-ios.release.xcconfig */ = {isa = PBXFileReference; includeInIndex = 1; lastKnownFileType = text.xcconfig; name = "Pods-gripp-ios.release.xcconfig"; path = "Target Support Files/Pods-gripp-ios/Pods-gripp-ios.release.xcconfig"; sourceTree = "<group>"; };
		E2F689AA517D07AB83D850C6 /* Pods_gripp_ios_gripp_iosUITests.framework */ = {isa = PBXFileReference; explicitFileType = wrapper.framework; includeInIndex = 0; path = Pods_gripp_ios_gripp_iosUITests.framework; sourceTree = BUILT_PRODUCTS_DIR; };
		ECD4278582396F34A968A5FB /* Pods-gripp-ios-gripp-iosUITests.release.xcconfig */ = {isa = PBXFileReference; includeInIndex = 1; lastKnownFileType = text.xcconfig; name = "Pods-gripp-ios-gripp-iosUITests.release.xcconfig"; path = "Target Support Files/Pods-gripp-ios-gripp-iosUITests/Pods-gripp-ios-gripp-iosUITests.release.xcconfig"; sourceTree = "<group>"; };
/* End PBXFileReference section */

/* Begin PBXFrameworksBuildPhase section */
		3C2BE4E328D8CD7B007A24FD /* Frameworks */ = {
			isa = PBXFrameworksBuildPhase;
			buildActionMask = 2147483647;
			files = (
				3C2077312920C2C400689B3D /* Pods_gripp_ios.framework in Frameworks */,
			);
			runOnlyForDeploymentPostprocessing = 0;
		};
		3C2BE4F928D8CD7C007A24FD /* Frameworks */ = {
			isa = PBXFrameworksBuildPhase;
			buildActionMask = 2147483647;
			files = (
				C876AA86E518B084950945FE /* Pods_gripp_iosTests.framework in Frameworks */,
			);
			runOnlyForDeploymentPostprocessing = 0;
		};
		3C2BE50328D8CD7C007A24FD /* Frameworks */ = {
			isa = PBXFrameworksBuildPhase;
			buildActionMask = 2147483647;
			files = (
				BDCB942D2CB3B7A8087FD5EC /* Pods_gripp_ios_gripp_iosUITests.framework in Frameworks */,
			);
			runOnlyForDeploymentPostprocessing = 0;
		};
/* End PBXFrameworksBuildPhase section */

/* Begin PBXGroup section */
		3C2BE4DD28D8CD7B007A24FD = {
			isa = PBXGroup;
			children = (
				3C2BE4E828D8CD7B007A24FD /* gripp-ios */,
				3C2BE4FF28D8CD7C007A24FD /* gripp-iosTests */,
				3C2BE50928D8CD7C007A24FD /* gripp-iosUITests */,
				3C2BE4E728D8CD7B007A24FD /* Products */,
				D3F1377C336C6A8D46BAD445 /* Pods */,
				9E03B3D2FDA1BE7C95C51F3D /* Frameworks */,
			);
			sourceTree = "<group>";
		};
		3C2BE4E728D8CD7B007A24FD /* Products */ = {
			isa = PBXGroup;
			children = (
				3C2BE4E628D8CD7B007A24FD /* gripp-ios.app */,
				3C2BE4FC28D8CD7C007A24FD /* gripp-iosTests.xctest */,
				3C2BE50628D8CD7C007A24FD /* gripp-iosUITests.xctest */,
			);
			name = Products;
			sourceTree = "<group>";
		};
		3C2BE4E828D8CD7B007A24FD /* gripp-ios */ = {
			isa = PBXGroup;
			children = (
				3C3CF0E42920EA1F00DDBE69 /* API */,
				3CDDF47328EBA26A00884847 /* Info.plist */,
				3CDDF45628EB9E4200884847 /* Font */,
				3CDDF41828EB9D4900884847 /* Config */,
				3CDDF40928EB9D4900884847 /* Extension */,
				3CDDF42928EB9D4900884847 /* Model */,
				3CDDF40C28EB9D4900884847 /* Modules */,
				3CDDF41728EB9D4900884847 /* Service */,
				3CDDF42828EB9D4900884847 /* Utils */,
				3C2BE4E928D8CD7B007A24FD /* gripp_iosApp.swift */,
				3C2BE4EB28D8CD7B007A24FD /* Persistence.swift */,
				3C2BE4F028D8CD7B007A24FD /* ContentView.swift */,
				3C2BE4F228D8CD7C007A24FD /* Assets.xcassets */,
				3C491353291354C500792CDF /* CustomIcons.xcassets */,
				3C2BE4F428D8CD7C007A24FD /* gripp_ios.entitlements */,
				3C2BE4ED28D8CD7B007A24FD /* gripp_ios.xcdatamodeld */,
				3C2BE4F528D8CD7C007A24FD /* Preview Content */,
			);
			path = "gripp-ios";
			sourceTree = "<group>";
		};
		3C2BE4F528D8CD7C007A24FD /* Preview Content */ = {
			isa = PBXGroup;
			children = (
				3C2BE4F628D8CD7C007A24FD /* Preview Assets.xcassets */,
			);
			path = "Preview Content";
			sourceTree = "<group>";
		};
		3C2BE4FF28D8CD7C007A24FD /* gripp-iosTests */ = {
			isa = PBXGroup;
			children = (
				3C2BE50028D8CD7C007A24FD /* gripp_iosTests.swift */,
			);
			path = "gripp-iosTests";
			sourceTree = "<group>";
		};
		3C2BE50928D8CD7C007A24FD /* gripp-iosUITests */ = {
			isa = PBXGroup;
			children = (
				3C2BE50A28D8CD7C007A24FD /* gripp_iosUITests.swift */,
				3C2BE50C28D8CD7C007A24FD /* gripp_iosUITestsLaunchTests.swift */,
			);
			path = "gripp-iosUITests";
			sourceTree = "<group>";
		};
		3C3CF0E42920EA1F00DDBE69 /* API */ = {
			isa = PBXGroup;
			children = (
				3C3CF0E72920EA4A00DDBE69 /* ApiClient.swift */,
				3C3CF0EB2920EC1800DDBE69 /* ApiLogger.swift */,
				3C3CF0E62920EA3400DDBE69 /* Router */,
				3C3CF0E52920EA2900DDBE69 /* Interceptor */,
				3C3CF0EF2920F1BA00DDBE69 /* Service */,
			);
			path = API;
			sourceTree = "<group>";
		};
		3C3CF0E52920EA2900DDBE69 /* Interceptor */ = {
			isa = PBXGroup;
			children = (
				3C3CF0E92920EAA900DDBE69 /* BaseInterceptor.swift */,
			);
			path = Interceptor;
			sourceTree = "<group>";
		};
		3C3CF0E62920EA3400DDBE69 /* Router */ = {
			isa = PBXGroup;
			children = (
				3C3CF0ED2920ED5B00DDBE69 /* AuthRouter.swift */,
			);
			path = Router;
			sourceTree = "<group>";
		};
		3C3CF0EF2920F1BA00DDBE69 /* Service */ = {
			isa = PBXGroup;
			children = (
				3C3CF0F02920F1C700DDBE69 /* AuthApiService.swift */,
			);
			path = Service;
			sourceTree = "<group>";
		};
		3C8A4AA1290DC34600B7508C /* View */ = {
			isa = PBXGroup;
			children = (
				3C8A4AA3290DC35A00B7508C /* LoginView.swift */,
				3C8A4AA9290DC4A900B7508C /* LoginSheet.swift */,
				3C8A4AAD290DC4C100B7508C /* SignupSheet.swift */,
			);
			path = View;
			sourceTree = "<group>";
		};
		3CDDF40928EB9D4900884847 /* Extension */ = {
			isa = PBXGroup;
			children = (
				3CDDF40A28EB9D4900884847 /* RoundedCorner.swift */,
				3CDDF40B28EB9D4900884847 /* Color.swift */,
			);
			path = Extension;
			sourceTree = "<group>";
		};
		3CDDF40C28EB9D4900884847 /* Modules */ = {
			isa = PBXGroup;
			children = (
				3CDDF47A28EBA72200884847 /* Video */,
				3CDDF47928EBA71B00884847 /* Login */,
				3CDDF47828EBA71600884847 /* Gallery */,
				3CDDF47728EBA70800884847 /* Upload */,
				3CDDF47628EBA6F800884847 /* LeaderBoard */,
				3CDDF40D28EB9D4900884847 /* Home */,
				3CDDF41128EB9D4900884847 /* Tabbar */,
			);
			path = Modules;
			sourceTree = "<group>";
		};
		3CDDF40D28EB9D4900884847 /* Home */ = {
			isa = PBXGroup;
			children = (
				3CDDF40E28EB9D4900884847 /* View */,
			);
			path = Home;
			sourceTree = "<group>";
		};
		3CDDF40E28EB9D4900884847 /* View */ = {
			isa = PBXGroup;
			children = (
				3CF357CA28EB5E7600646D37 /* HomeView.swift */,
			);
			path = View;
			sourceTree = "<group>";
		};
		3CDDF41128EB9D4900884847 /* Tabbar */ = {
			isa = PBXGroup;
			children = (
				3CDDF41228EB9D4900884847 /* View */,
			);
			path = Tabbar;
			sourceTree = "<group>";
		};
		3CDDF41228EB9D4900884847 /* View */ = {
			isa = PBXGroup;
			children = (
				3C4913512913529900792CDF /* TabBarItem.swift */,
				3C4913642914087600792CDF /* ViewRouter.swift */,
			);
			path = View;
			sourceTree = "<group>";
		};
		3CDDF41728EB9D4900884847 /* Service */ = {
			isa = PBXGroup;
			children = (
				3C20772F2920C26100689B3D /* WebService.swift */,
			);
			path = Service;
			sourceTree = "<group>";
		};
		3CDDF41828EB9D4900884847 /* Config */ = {
			isa = PBXGroup;
			children = (
				3CFD6AEA28ECB5170039EBAF /* DemoImages */,
				3C4913662914196800792CDF /* Dimensions.swift */,
				3C3CF0DD2920C40F00DDBE69 /* Config.swift */,
				3C3CF0E12920E7C800DDBE69 /* UserToken.swift */,
			);
			path = Config;
			sourceTree = "<group>";
		};
		3CDDF42828EB9D4900884847 /* Utils */ = {
			isa = PBXGroup;
			children = (
				3CDDF47428EBA63000884847 /* ImageGrid.swift */,
				3C8A4AAF290DD0F100B7508C /* ImageCell.swift */,
				3C8A4AB3290EC89F00B7508C /* LoadAnimationView.swift */,
			);
			path = Utils;
			sourceTree = "<group>";
		};
		3CDDF42928EB9D4900884847 /* Model */ = {
			isa = PBXGroup;
			children = (
				3C8A4AB5290ED27700B7508C /* PostGridItem.swift */,
				3C20772D2920C20200689B3D /* PostModel.swift */,
				3C3CF0DF2920C81900DDBE69 /* VideoModel.swift */,
				3C20772B2920C1EC00689B3D /* UserModel.swift */,
				3CAEDD3A29246E8600F81AF4 /* TokenModel.swift */,
			);
			path = Model;
			sourceTree = "<group>";
		};
		3CDDF45628EB9E4200884847 /* Font */ = {
			isa = PBXGroup;
			children = (
				3CDDF45728EB9E4200884847 /* Roboto-Medium.ttf */,
				3CDDF45828EB9E4200884847 /* Roboto-Light.ttf */,
				3CDDF45928EB9E4200884847 /* Roboto-Regular.ttf */,
				3CDDF45A28EB9E4200884847 /* Roboto-MediumItalic.ttf */,
				3CDDF45B28EB9E4200884847 /* Roboto.swift */,
				3CDDF45C28EB9E4200884847 /* Roboto-ThinItalic.ttf */,
				3CDDF45D28EB9E4200884847 /* Roboto-BoldItalic.ttf */,
				3CDDF45E28EB9E4200884847 /* Roboto-LightItalic.ttf */,
				3CDDF45F28EB9E4200884847 /* Roboto-Italic.ttf */,
				3CDDF46028EB9E4200884847 /* LICENSE.txt */,
				3CDDF46128EB9E4200884847 /* Roboto-BlackItalic.ttf */,
				3CDDF46228EB9E4200884847 /* Roboto-Bold.ttf */,
				3CDDF46328EB9E4200884847 /* Roboto-Thin.ttf */,
				3CDDF46428EB9E4200884847 /* Roboto-Black.ttf */,
			);
			path = Font;
			sourceTree = "<group>";
		};
		3CDDF47628EBA6F800884847 /* LeaderBoard */ = {
			isa = PBXGroup;
			children = (
				3CDDF47F28EBB7FB00884847 /* View */,
			);
			path = LeaderBoard;
			sourceTree = "<group>";
		};
		3CDDF47728EBA70800884847 /* Upload */ = {
			isa = PBXGroup;
			children = (
				3CFD6AE328EC4B2F0039EBAF /* View */,
			);
			path = Upload;
			sourceTree = "<group>";
		};
		3CDDF47828EBA71600884847 /* Gallery */ = {
			isa = PBXGroup;
			children = (
				3CFD6AE628EC8F5A0039EBAF /* View */,
			);
			path = Gallery;
			sourceTree = "<group>";
		};
		3CDDF47928EBA71B00884847 /* Login */ = {
			isa = PBXGroup;
			children = (
				3CAEDD382924629800F81AF4 /* LoginViewModel.swift */,
				3C8A4AA1290DC34600B7508C /* View */,
			);
			path = Login;
			sourceTree = "<group>";
		};
		3CDDF47A28EBA72200884847 /* Video */ = {
			isa = PBXGroup;
			children = (
				3CFD6B0728EE487D0039EBAF /* View */,
			);
			path = Video;
			sourceTree = "<group>";
		};
		3CDDF47F28EBB7FB00884847 /* View */ = {
			isa = PBXGroup;
			children = (
				3CDDF47B28EBAC7E00884847 /* Leaderboard.swift */,
				3CDDF47D28EBB7F400884847 /* ScoreListView.swift */,
			);
			path = View;
			sourceTree = "<group>";
		};
		3CFD6AE328EC4B2F0039EBAF /* View */ = {
			isa = PBXGroup;
			children = (
				3CFD6AE428EC4B390039EBAF /* UploadView.swift */,
			);
			path = View;
			sourceTree = "<group>";
		};
		3CFD6AE628EC8F5A0039EBAF /* View */ = {
			isa = PBXGroup;
			children = (
				3C8A4AB7290EFE1100B7508C /* MyGalleryView.swift */,
				3CFD6AE828EC8F720039EBAF /* GalleryView.swift */,
				3CD252952911BBF900AEFABB /* GalleryViewPage.swift */,
			);
			path = View;
			sourceTree = "<group>";
		};
		3CFD6AEA28ECB5170039EBAF /* DemoImages */ = {
			isa = PBXGroup;
			children = (
				3CFD6AF728ECB5910039EBAF /* img1.jpg */,
				3CFD6AF128ECB5900039EBAF /* img2.jpg */,
				3CFD6AF828ECB5910039EBAF /* img3.jpg */,
				3CFD6AEB28ECB5900039EBAF /* img4.jpg */,
				3CFD6AEE28ECB5900039EBAF /* img5.jpg */,
				3CFD6AF228ECB5900039EBAF /* img6.jpg */,
				3CFD6AEF28ECB5900039EBAF /* img7.jpg */,
				3CFD6AF028ECB5900039EBAF /* img8.jpg */,
				3CFD6AEC28ECB5900039EBAF /* img9.jpg */,
				3CFD6AF428ECB5910039EBAF /* img10.jpg */,
				3CFD6AF528ECB5910039EBAF /* img11.jpg */,
				3CFD6AF328ECB5910039EBAF /* img12.jpg */,
				3CFD6AED28ECB5900039EBAF /* img13.jpg */,
				3CFD6AF628ECB5910039EBAF /* img14.jpg */,
			);
			path = DemoImages;
			sourceTree = "<group>";
		};
		3CFD6B0728EE487D0039EBAF /* View */ = {
			isa = PBXGroup;
			children = (
				3CFD6B0828EE488B0039EBAF /* PlayerView.swift */,
				3C4913682914703E00792CDF /* DanglingModal.swift */,
				3C0D6FF42914886400C7C91B /* ModalInfoLine.swift */,
			);
			path = View;
			sourceTree = "<group>";
		};
		9E03B3D2FDA1BE7C95C51F3D /* Frameworks */ = {
			isa = PBXGroup;
			children = (
				73DFB0D2A38862808A610522 /* Pods_gripp_ios.framework */,
				E2F689AA517D07AB83D850C6 /* Pods_gripp_ios_gripp_iosUITests.framework */,
				CD3D4E74320BD39D2342E3EE /* Pods_gripp_iosTests.framework */,
			);
			name = Frameworks;
			sourceTree = "<group>";
		};
		D3F1377C336C6A8D46BAD445 /* Pods */ = {
			isa = PBXGroup;
			children = (
				3FF9E6070CD64904AF6CC7B6 /* Pods-gripp-ios.debug.xcconfig */,
				E10DA180CC81AED9E29BD843 /* Pods-gripp-ios.release.xcconfig */,
				84A53AF294A0F42454E7AA0D /* Pods-gripp-ios-gripp-iosUITests.debug.xcconfig */,
				ECD4278582396F34A968A5FB /* Pods-gripp-ios-gripp-iosUITests.release.xcconfig */,
				6BBC698D32C48B3D2DE4ED4B /* Pods-gripp-iosTests.debug.xcconfig */,
				BEDEE73EAE526A6DDF825A03 /* Pods-gripp-iosTests.release.xcconfig */,
			);
			path = Pods;
			sourceTree = "<group>";
		};
/* End PBXGroup section */

/* Begin PBXNativeTarget section */
		3C2BE4E528D8CD7B007A24FD /* gripp-ios */ = {
			isa = PBXNativeTarget;
			buildConfigurationList = 3C2BE51028D8CD7C007A24FD /* Build configuration list for PBXNativeTarget "gripp-ios" */;
			buildPhases = (
				F24FC084E11727B68A2DA32A /* [CP] Check Pods Manifest.lock */,
				3C2BE4E228D8CD7B007A24FD /* Sources */,
				3C2BE4E328D8CD7B007A24FD /* Frameworks */,
				3C2BE4E428D8CD7B007A24FD /* Resources */,
				1D791E38D3927337690F8AD6 /* [CP] Embed Pods Frameworks */,
			);
			buildRules = (
			);
			dependencies = (
			);
			name = "gripp-ios";
			productName = "gripp-ios";
			productReference = 3C2BE4E628D8CD7B007A24FD /* gripp-ios.app */;
			productType = "com.apple.product-type.application";
		};
		3C2BE4FB28D8CD7C007A24FD /* gripp-iosTests */ = {
			isa = PBXNativeTarget;
			buildConfigurationList = 3C2BE51328D8CD7C007A24FD /* Build configuration list for PBXNativeTarget "gripp-iosTests" */;
			buildPhases = (
				04D0580E77EEA886477773E0 /* [CP] Check Pods Manifest.lock */,
				3C2BE4F828D8CD7C007A24FD /* Sources */,
				3C2BE4F928D8CD7C007A24FD /* Frameworks */,
				3C2BE4FA28D8CD7C007A24FD /* Resources */,
			);
			buildRules = (
			);
			dependencies = (
				3C2BE4FE28D8CD7C007A24FD /* PBXTargetDependency */,
			);
			name = "gripp-iosTests";
			productName = "gripp-iosTests";
			productReference = 3C2BE4FC28D8CD7C007A24FD /* gripp-iosTests.xctest */;
			productType = "com.apple.product-type.bundle.unit-test";
		};
		3C2BE50528D8CD7C007A24FD /* gripp-iosUITests */ = {
			isa = PBXNativeTarget;
			buildConfigurationList = 3C2BE51628D8CD7C007A24FD /* Build configuration list for PBXNativeTarget "gripp-iosUITests" */;
			buildPhases = (
				3B24D6302043CBF144FCFE46 /* [CP] Check Pods Manifest.lock */,
				3C2BE50228D8CD7C007A24FD /* Sources */,
				3C2BE50328D8CD7C007A24FD /* Frameworks */,
				3C2BE50428D8CD7C007A24FD /* Resources */,
				9A5875CAE34CCC7BFFACEADD /* [CP] Embed Pods Frameworks */,
			);
			buildRules = (
			);
			dependencies = (
				3C2BE50828D8CD7C007A24FD /* PBXTargetDependency */,
			);
			name = "gripp-iosUITests";
			productName = "gripp-iosUITests";
			productReference = 3C2BE50628D8CD7C007A24FD /* gripp-iosUITests.xctest */;
			productType = "com.apple.product-type.bundle.ui-testing";
		};
/* End PBXNativeTarget section */

/* Begin PBXProject section */
		3C2BE4DE28D8CD7B007A24FD /* Project object */ = {
			isa = PBXProject;
			attributes = {
				BuildIndependentTargetsInParallel = 1;
				LastSwiftUpdateCheck = 1400;
				LastUpgradeCheck = 1410;
				TargetAttributes = {
					3C2BE4E528D8CD7B007A24FD = {
						CreatedOnToolsVersion = 14.0;
					};
					3C2BE4FB28D8CD7C007A24FD = {
						CreatedOnToolsVersion = 14.0;
						TestTargetID = 3C2BE4E528D8CD7B007A24FD;
					};
					3C2BE50528D8CD7C007A24FD = {
						CreatedOnToolsVersion = 14.0;
						TestTargetID = 3C2BE4E528D8CD7B007A24FD;
					};
				};
			};
			buildConfigurationList = 3C2BE4E128D8CD7B007A24FD /* Build configuration list for PBXProject "gripp-ios" */;
			compatibilityVersion = "Xcode 14.0";
			developmentRegion = en;
			hasScannedForEncodings = 0;
			knownRegions = (
				en,
				Base,
			);
			mainGroup = 3C2BE4DD28D8CD7B007A24FD;
			productRefGroup = 3C2BE4E728D8CD7B007A24FD /* Products */;
			projectDirPath = "";
			projectRoot = "";
			targets = (
				3C2BE4E528D8CD7B007A24FD /* gripp-ios */,
				3C2BE4FB28D8CD7C007A24FD /* gripp-iosTests */,
				3C2BE50528D8CD7C007A24FD /* gripp-iosUITests */,
			);
		};
/* End PBXProject section */

/* Begin PBXResourcesBuildPhase section */
		3C2BE4E428D8CD7B007A24FD /* Resources */ = {
			isa = PBXResourcesBuildPhase;
			buildActionMask = 2147483647;
			files = (
				3CFD6B0228ECB5910039EBAF /* img10.jpg in Resources */,
				3CDDF47128EB9E4200884847 /* Roboto-Thin.ttf in Resources */,
				3CDDF46E28EB9E4200884847 /* LICENSE.txt in Resources */,
				3CDDF47228EB9E4200884847 /* Roboto-Black.ttf in Resources */,
				3CFD6AFA28ECB5910039EBAF /* img9.jpg in Resources */,
				3CDDF47028EB9E4200884847 /* Roboto-Bold.ttf in Resources */,
				3C2BE4F728D8CD7C007A24FD /* Preview Assets.xcassets in Resources */,
				3CFD6B0328ECB5910039EBAF /* img11.jpg in Resources */,
				3C2BE4F328D8CD7C007A24FD /* Assets.xcassets in Resources */,
				3CFD6B0528ECB5910039EBAF /* img1.jpg in Resources */,
				3CFD6AFC28ECB5910039EBAF /* img5.jpg in Resources */,
				3CFD6B0128ECB5910039EBAF /* img12.jpg in Resources */,
				3CDDF46B28EB9E4200884847 /* Roboto-BoldItalic.ttf in Resources */,
				3CDDF46728EB9E4200884847 /* Roboto-Regular.ttf in Resources */,
				3CFD6AF928ECB5910039EBAF /* img4.jpg in Resources */,
				3CFD6AFD28ECB5910039EBAF /* img7.jpg in Resources */,
				3CFD6B0628ECB5910039EBAF /* img3.jpg in Resources */,
				3CDDF46A28EB9E4200884847 /* Roboto-ThinItalic.ttf in Resources */,
				3CFD6B0028ECB5910039EBAF /* img6.jpg in Resources */,
				3CFD6B0428ECB5910039EBAF /* img14.jpg in Resources */,
				3CDDF46C28EB9E4200884847 /* Roboto-LightItalic.ttf in Resources */,
				3CDDF46F28EB9E4200884847 /* Roboto-BlackItalic.ttf in Resources */,
				3CDDF46628EB9E4200884847 /* Roboto-Light.ttf in Resources */,
				3CFD6AFE28ECB5910039EBAF /* img8.jpg in Resources */,
				3CDDF46D28EB9E4200884847 /* Roboto-Italic.ttf in Resources */,
				3CDDF46828EB9E4200884847 /* Roboto-MediumItalic.ttf in Resources */,
				3CDDF46528EB9E4200884847 /* Roboto-Medium.ttf in Resources */,
				3CFD6AFF28ECB5910039EBAF /* img2.jpg in Resources */,
				3CFD6AFB28ECB5910039EBAF /* img13.jpg in Resources */,
				3C491354291354C500792CDF /* CustomIcons.xcassets in Resources */,
			);
			runOnlyForDeploymentPostprocessing = 0;
		};
		3C2BE4FA28D8CD7C007A24FD /* Resources */ = {
			isa = PBXResourcesBuildPhase;
			buildActionMask = 2147483647;
			files = (
			);
			runOnlyForDeploymentPostprocessing = 0;
		};
		3C2BE50428D8CD7C007A24FD /* Resources */ = {
			isa = PBXResourcesBuildPhase;
			buildActionMask = 2147483647;
			files = (
			);
			runOnlyForDeploymentPostprocessing = 0;
		};
/* End PBXResourcesBuildPhase section */

/* Begin PBXShellScriptBuildPhase section */
		04D0580E77EEA886477773E0 /* [CP] Check Pods Manifest.lock */ = {
			isa = PBXShellScriptBuildPhase;
			buildActionMask = 2147483647;
			files = (
			);
			inputFileListPaths = (
			);
			inputPaths = (
				"${PODS_PODFILE_DIR_PATH}/Podfile.lock",
				"${PODS_ROOT}/Manifest.lock",
			);
			name = "[CP] Check Pods Manifest.lock";
			outputFileListPaths = (
			);
			outputPaths = (
				"$(DERIVED_FILE_DIR)/Pods-gripp-iosTests-checkManifestLockResult.txt",
			);
			runOnlyForDeploymentPostprocessing = 0;
			shellPath = /bin/sh;
			shellScript = "diff \"${PODS_PODFILE_DIR_PATH}/Podfile.lock\" \"${PODS_ROOT}/Manifest.lock\" > /dev/null\nif [ $? != 0 ] ; then\n    # print error to STDERR\n    echo \"error: The sandbox is not in sync with the Podfile.lock. Run 'pod install' or update your CocoaPods installation.\" >&2\n    exit 1\nfi\n# This output is used by Xcode 'outputs' to avoid re-running this script phase.\necho \"SUCCESS\" > \"${SCRIPT_OUTPUT_FILE_0}\"\n";
			showEnvVarsInLog = 0;
		};
		1D791E38D3927337690F8AD6 /* [CP] Embed Pods Frameworks */ = {
			isa = PBXShellScriptBuildPhase;
			buildActionMask = 2147483647;
			files = (
			);
			inputFileListPaths = (
				"${PODS_ROOT}/Target Support Files/Pods-gripp-ios/Pods-gripp-ios-frameworks-${CONFIGURATION}-input-files.xcfilelist",
			);
			name = "[CP] Embed Pods Frameworks";
			outputFileListPaths = (
				"${PODS_ROOT}/Target Support Files/Pods-gripp-ios/Pods-gripp-ios-frameworks-${CONFIGURATION}-output-files.xcfilelist",
			);
			runOnlyForDeploymentPostprocessing = 0;
			shellPath = /bin/sh;
			shellScript = "\"${PODS_ROOT}/Target Support Files/Pods-gripp-ios/Pods-gripp-ios-frameworks.sh\"\n";
			showEnvVarsInLog = 0;
		};
		3B24D6302043CBF144FCFE46 /* [CP] Check Pods Manifest.lock */ = {
			isa = PBXShellScriptBuildPhase;
			buildActionMask = 2147483647;
			files = (
			);
			inputFileListPaths = (
			);
			inputPaths = (
				"${PODS_PODFILE_DIR_PATH}/Podfile.lock",
				"${PODS_ROOT}/Manifest.lock",
			);
			name = "[CP] Check Pods Manifest.lock";
			outputFileListPaths = (
			);
			outputPaths = (
				"$(DERIVED_FILE_DIR)/Pods-gripp-ios-gripp-iosUITests-checkManifestLockResult.txt",
			);
			runOnlyForDeploymentPostprocessing = 0;
			shellPath = /bin/sh;
			shellScript = "diff \"${PODS_PODFILE_DIR_PATH}/Podfile.lock\" \"${PODS_ROOT}/Manifest.lock\" > /dev/null\nif [ $? != 0 ] ; then\n    # print error to STDERR\n    echo \"error: The sandbox is not in sync with the Podfile.lock. Run 'pod install' or update your CocoaPods installation.\" >&2\n    exit 1\nfi\n# This output is used by Xcode 'outputs' to avoid re-running this script phase.\necho \"SUCCESS\" > \"${SCRIPT_OUTPUT_FILE_0}\"\n";
			showEnvVarsInLog = 0;
		};
		9A5875CAE34CCC7BFFACEADD /* [CP] Embed Pods Frameworks */ = {
			isa = PBXShellScriptBuildPhase;
			buildActionMask = 2147483647;
			files = (
			);
			inputFileListPaths = (
				"${PODS_ROOT}/Target Support Files/Pods-gripp-ios-gripp-iosUITests/Pods-gripp-ios-gripp-iosUITests-frameworks-${CONFIGURATION}-input-files.xcfilelist",
			);
			name = "[CP] Embed Pods Frameworks";
			outputFileListPaths = (
				"${PODS_ROOT}/Target Support Files/Pods-gripp-ios-gripp-iosUITests/Pods-gripp-ios-gripp-iosUITests-frameworks-${CONFIGURATION}-output-files.xcfilelist",
			);
			runOnlyForDeploymentPostprocessing = 0;
			shellPath = /bin/sh;
			shellScript = "\"${PODS_ROOT}/Target Support Files/Pods-gripp-ios-gripp-iosUITests/Pods-gripp-ios-gripp-iosUITests-frameworks.sh\"\n";
			showEnvVarsInLog = 0;
		};
		F24FC084E11727B68A2DA32A /* [CP] Check Pods Manifest.lock */ = {
			isa = PBXShellScriptBuildPhase;
			buildActionMask = 2147483647;
			files = (
			);
			inputFileListPaths = (
			);
			inputPaths = (
				"${PODS_PODFILE_DIR_PATH}/Podfile.lock",
				"${PODS_ROOT}/Manifest.lock",
			);
			name = "[CP] Check Pods Manifest.lock";
			outputFileListPaths = (
			);
			outputPaths = (
				"$(DERIVED_FILE_DIR)/Pods-gripp-ios-checkManifestLockResult.txt",
			);
			runOnlyForDeploymentPostprocessing = 0;
			shellPath = /bin/sh;
			shellScript = "diff \"${PODS_PODFILE_DIR_PATH}/Podfile.lock\" \"${PODS_ROOT}/Manifest.lock\" > /dev/null\nif [ $? != 0 ] ; then\n    # print error to STDERR\n    echo \"error: The sandbox is not in sync with the Podfile.lock. Run 'pod install' or update your CocoaPods installation.\" >&2\n    exit 1\nfi\n# This output is used by Xcode 'outputs' to avoid re-running this script phase.\necho \"SUCCESS\" > \"${SCRIPT_OUTPUT_FILE_0}\"\n";
			showEnvVarsInLog = 0;
		};
/* End PBXShellScriptBuildPhase section */

/* Begin PBXSourcesBuildPhase section */
		3C2BE4E228D8CD7B007A24FD /* Sources */ = {
			isa = PBXSourcesBuildPhase;
			buildActionMask = 2147483647;
			files = (
				3C4913652914087600792CDF /* ViewRouter.swift in Sources */,
				3C8A4AB6290ED27700B7508C /* PostGridItem.swift in Sources */,
				3C3CF0DE2920C40F00DDBE69 /* Config.swift in Sources */,
				3CDDF46928EB9E4200884847 /* Roboto.swift in Sources */,
				3C8A4AAE290DC4C100B7508C /* SignupSheet.swift in Sources */,
				3C8A4AB0290DD0F100B7508C /* ImageCell.swift in Sources */,
				3C3CF0F12920F1C700DDBE69 /* AuthApiService.swift in Sources */,
				3C3CF0EA2920EAA900DDBE69 /* BaseInterceptor.swift in Sources */,
				3CAEDD392924629800F81AF4 /* LoginViewModel.swift in Sources */,
				3CDDF47C28EBAC7E00884847 /* Leaderboard.swift in Sources */,
				3C4913522913529900792CDF /* TabBarItem.swift in Sources */,
				3CFD6B0928EE488B0039EBAF /* PlayerView.swift in Sources */,
				3C8A4AB4290EC89F00B7508C /* LoadAnimationView.swift in Sources */,
				3CAEDD3B29246E8600F81AF4 /* TokenModel.swift in Sources */,
				3C3CF0E22920E7C800DDBE69 /* UserToken.swift in Sources */,
				3C3CF0EC2920EC1800DDBE69 /* ApiLogger.swift in Sources */,
				3C2BE4EF28D8CD7B007A24FD /* gripp_ios.xcdatamodeld in Sources */,
				3C2BE4EA28D8CD7B007A24FD /* gripp_iosApp.swift in Sources */,
				3CF357CB28EB5E7600646D37 /* HomeView.swift in Sources */,
				3C20772E2920C20200689B3D /* PostModel.swift in Sources */,
				3CDDF47528EBA63000884847 /* ImageGrid.swift in Sources */,
				3C4913692914703E00792CDF /* DanglingModal.swift in Sources */,
				3CFD6AE928EC8F720039EBAF /* GalleryView.swift in Sources */,
				3C2BE4F128D8CD7B007A24FD /* ContentView.swift in Sources */,
				3C0D6FF52914886400C7C91B /* ModalInfoLine.swift in Sources */,
				3C3CF0E02920C81900DDBE69 /* VideoModel.swift in Sources */,
				3C3CF0E82920EA4A00DDBE69 /* ApiClient.swift in Sources */,
				3C2077302920C26100689B3D /* WebService.swift in Sources */,
				3CDDF42B28EB9D4900884847 /* Color.swift in Sources */,
				3CDDF47E28EBB7F400884847 /* ScoreListView.swift in Sources */,
				3CFD6AE528EC4B390039EBAF /* UploadView.swift in Sources */,
				3C2BE4EC28D8CD7B007A24FD /* Persistence.swift in Sources */,
				3C8A4AA4290DC35A00B7508C /* LoginView.swift in Sources */,
				3C20772C2920C1EC00689B3D /* UserModel.swift in Sources */,
				3C3CF0EE2920ED5B00DDBE69 /* AuthRouter.swift in Sources */,
				3C8A4AAA290DC4A900B7508C /* LoginSheet.swift in Sources */,
				3C4913672914196800792CDF /* Dimensions.swift in Sources */,
				3CDDF42A28EB9D4900884847 /* RoundedCorner.swift in Sources */,
				3C8A4AB8290EFE1100B7508C /* MyGalleryView.swift in Sources */,
				3CD252962911BBF900AEFABB /* GalleryViewPage.swift in Sources */,
			);
			runOnlyForDeploymentPostprocessing = 0;
		};
		3C2BE4F828D8CD7C007A24FD /* Sources */ = {
			isa = PBXSourcesBuildPhase;
			buildActionMask = 2147483647;
			files = (
				3C2BE50128D8CD7C007A24FD /* gripp_iosTests.swift in Sources */,
			);
			runOnlyForDeploymentPostprocessing = 0;
		};
		3C2BE50228D8CD7C007A24FD /* Sources */ = {
			isa = PBXSourcesBuildPhase;
			buildActionMask = 2147483647;
			files = (
				3C2BE50B28D8CD7C007A24FD /* gripp_iosUITests.swift in Sources */,
				3C2BE50D28D8CD7C007A24FD /* gripp_iosUITestsLaunchTests.swift in Sources */,
			);
			runOnlyForDeploymentPostprocessing = 0;
		};
/* End PBXSourcesBuildPhase section */

/* Begin PBXTargetDependency section */
		3C2BE4FE28D8CD7C007A24FD /* PBXTargetDependency */ = {
			isa = PBXTargetDependency;
			target = 3C2BE4E528D8CD7B007A24FD /* gripp-ios */;
			targetProxy = 3C2BE4FD28D8CD7C007A24FD /* PBXContainerItemProxy */;
		};
		3C2BE50828D8CD7C007A24FD /* PBXTargetDependency */ = {
			isa = PBXTargetDependency;
			target = 3C2BE4E528D8CD7B007A24FD /* gripp-ios */;
			targetProxy = 3C2BE50728D8CD7C007A24FD /* PBXContainerItemProxy */;
		};
/* End PBXTargetDependency section */

/* Begin XCBuildConfiguration section */
		3C2BE50E28D8CD7C007A24FD /* Debug */ = {
			isa = XCBuildConfiguration;
			buildSettings = {
				ALWAYS_SEARCH_USER_PATHS = NO;
				CLANG_ANALYZER_NONNULL = YES;
				CLANG_ANALYZER_NUMBER_OBJECT_CONVERSION = YES_AGGRESSIVE;
				CLANG_CXX_LANGUAGE_STANDARD = "gnu++20";
				CLANG_ENABLE_MODULES = YES;
				CLANG_ENABLE_OBJC_ARC = YES;
				CLANG_ENABLE_OBJC_WEAK = YES;
				CLANG_WARN_BLOCK_CAPTURE_AUTORELEASING = YES;
				CLANG_WARN_BOOL_CONVERSION = YES;
				CLANG_WARN_COMMA = YES;
				CLANG_WARN_CONSTANT_CONVERSION = YES;
				CLANG_WARN_DEPRECATED_OBJC_IMPLEMENTATIONS = YES;
				CLANG_WARN_DIRECT_OBJC_ISA_USAGE = YES_ERROR;
				CLANG_WARN_DOCUMENTATION_COMMENTS = YES;
				CLANG_WARN_EMPTY_BODY = YES;
				CLANG_WARN_ENUM_CONVERSION = YES;
				CLANG_WARN_INFINITE_RECURSION = YES;
				CLANG_WARN_INT_CONVERSION = YES;
				CLANG_WARN_NON_LITERAL_NULL_CONVERSION = YES;
				CLANG_WARN_OBJC_IMPLICIT_RETAIN_SELF = YES;
				CLANG_WARN_OBJC_LITERAL_CONVERSION = YES;
				CLANG_WARN_OBJC_ROOT_CLASS = YES_ERROR;
				CLANG_WARN_QUOTED_INCLUDE_IN_FRAMEWORK_HEADER = YES;
				CLANG_WARN_RANGE_LOOP_ANALYSIS = YES;
				CLANG_WARN_STRICT_PROTOTYPES = YES;
				CLANG_WARN_SUSPICIOUS_MOVE = YES;
				CLANG_WARN_UNGUARDED_AVAILABILITY = YES_AGGRESSIVE;
				CLANG_WARN_UNREACHABLE_CODE = YES;
				CLANG_WARN__DUPLICATE_METHOD_MATCH = YES;
				COPY_PHASE_STRIP = NO;
				DEAD_CODE_STRIPPING = YES;
				DEBUG_INFORMATION_FORMAT = dwarf;
				ENABLE_STRICT_OBJC_MSGSEND = YES;
				ENABLE_TESTABILITY = YES;
				GCC_C_LANGUAGE_STANDARD = gnu11;
				GCC_DYNAMIC_NO_PIC = NO;
				GCC_NO_COMMON_BLOCKS = YES;
				GCC_OPTIMIZATION_LEVEL = 0;
				GCC_PREPROCESSOR_DEFINITIONS = (
					"DEBUG=1",
					"$(inherited)",
				);
				GCC_WARN_64_TO_32_BIT_CONVERSION = YES;
				GCC_WARN_ABOUT_RETURN_TYPE = YES_ERROR;
				GCC_WARN_UNDECLARED_SELECTOR = YES;
				GCC_WARN_UNINITIALIZED_AUTOS = YES_AGGRESSIVE;
				GCC_WARN_UNUSED_FUNCTION = YES;
				GCC_WARN_UNUSED_VARIABLE = YES;
				MTL_ENABLE_DEBUG_INFO = INCLUDE_SOURCE;
				MTL_FAST_MATH = YES;
				ONLY_ACTIVE_ARCH = YES;
				SWIFT_ACTIVE_COMPILATION_CONDITIONS = DEBUG;
				SWIFT_OPTIMIZATION_LEVEL = "-Onone";
			};
			name = Debug;
		};
		3C2BE50F28D8CD7C007A24FD /* Release */ = {
			isa = XCBuildConfiguration;
			buildSettings = {
				ALWAYS_SEARCH_USER_PATHS = NO;
				CLANG_ANALYZER_NONNULL = YES;
				CLANG_ANALYZER_NUMBER_OBJECT_CONVERSION = YES_AGGRESSIVE;
				CLANG_CXX_LANGUAGE_STANDARD = "gnu++20";
				CLANG_ENABLE_MODULES = YES;
				CLANG_ENABLE_OBJC_ARC = YES;
				CLANG_ENABLE_OBJC_WEAK = YES;
				CLANG_WARN_BLOCK_CAPTURE_AUTORELEASING = YES;
				CLANG_WARN_BOOL_CONVERSION = YES;
				CLANG_WARN_COMMA = YES;
				CLANG_WARN_CONSTANT_CONVERSION = YES;
				CLANG_WARN_DEPRECATED_OBJC_IMPLEMENTATIONS = YES;
				CLANG_WARN_DIRECT_OBJC_ISA_USAGE = YES_ERROR;
				CLANG_WARN_DOCUMENTATION_COMMENTS = YES;
				CLANG_WARN_EMPTY_BODY = YES;
				CLANG_WARN_ENUM_CONVERSION = YES;
				CLANG_WARN_INFINITE_RECURSION = YES;
				CLANG_WARN_INT_CONVERSION = YES;
				CLANG_WARN_NON_LITERAL_NULL_CONVERSION = YES;
				CLANG_WARN_OBJC_IMPLICIT_RETAIN_SELF = YES;
				CLANG_WARN_OBJC_LITERAL_CONVERSION = YES;
				CLANG_WARN_OBJC_ROOT_CLASS = YES_ERROR;
				CLANG_WARN_QUOTED_INCLUDE_IN_FRAMEWORK_HEADER = YES;
				CLANG_WARN_RANGE_LOOP_ANALYSIS = YES;
				CLANG_WARN_STRICT_PROTOTYPES = YES;
				CLANG_WARN_SUSPICIOUS_MOVE = YES;
				CLANG_WARN_UNGUARDED_AVAILABILITY = YES_AGGRESSIVE;
				CLANG_WARN_UNREACHABLE_CODE = YES;
				CLANG_WARN__DUPLICATE_METHOD_MATCH = YES;
				COPY_PHASE_STRIP = NO;
				DEAD_CODE_STRIPPING = YES;
				DEBUG_INFORMATION_FORMAT = "dwarf-with-dsym";
				ENABLE_NS_ASSERTIONS = NO;
				ENABLE_STRICT_OBJC_MSGSEND = YES;
				GCC_C_LANGUAGE_STANDARD = gnu11;
				GCC_NO_COMMON_BLOCKS = YES;
				GCC_WARN_64_TO_32_BIT_CONVERSION = YES;
				GCC_WARN_ABOUT_RETURN_TYPE = YES_ERROR;
				GCC_WARN_UNDECLARED_SELECTOR = YES;
				GCC_WARN_UNINITIALIZED_AUTOS = YES_AGGRESSIVE;
				GCC_WARN_UNUSED_FUNCTION = YES;
				GCC_WARN_UNUSED_VARIABLE = YES;
				MTL_ENABLE_DEBUG_INFO = NO;
				MTL_FAST_MATH = YES;
				SWIFT_COMPILATION_MODE = wholemodule;
				SWIFT_OPTIMIZATION_LEVEL = "-O";
			};
			name = Release;
		};
		3C2BE51128D8CD7C007A24FD /* Debug */ = {
			isa = XCBuildConfiguration;
			baseConfigurationReference = 3FF9E6070CD64904AF6CC7B6 /* Pods-gripp-ios.debug.xcconfig */;
			buildSettings = {
				ASSETCATALOG_COMPILER_APPICON_NAME = "";
				"ASSETCATALOG_COMPILER_APPICON_NAME[sdk=iphoneos*]" = AppIcon;
				ASSETCATALOG_COMPILER_GLOBAL_ACCENT_COLOR_NAME = AccentColor;
				ASSETCATALOG_COMPILER_INCLUDE_ALL_APPICON_ASSETS = YES;
				CODE_SIGN_ENTITLEMENTS = "gripp-ios/gripp_ios.entitlements";
				CODE_SIGN_IDENTITY = "Apple Development";
				CODE_SIGN_STYLE = Automatic;
				CURRENT_PROJECT_VERSION = 1;
				DEAD_CODE_STRIPPING = YES;
				DEVELOPMENT_ASSET_PATHS = "";
				DEVELOPMENT_TEAM = 45339DQ884;
				ENABLE_PREVIEWS = YES;
				GENERATE_INFOPLIST_FILE = YES;
				INFOPLIST_FILE = "gripp-ios/Info.plist";
				INFOPLIST_KEY_CFBundleDisplayName = Gripp;
				INFOPLIST_KEY_LSApplicationCategoryType = "public.app-category.social-networking";
				"INFOPLIST_KEY_UIApplicationSceneManifest_Generation[sdk=iphoneos*]" = YES;
				"INFOPLIST_KEY_UIApplicationSceneManifest_Generation[sdk=iphonesimulator*]" = YES;
				"INFOPLIST_KEY_UIApplicationSupportsIndirectInputEvents[sdk=iphoneos*]" = YES;
				"INFOPLIST_KEY_UIApplicationSupportsIndirectInputEvents[sdk=iphonesimulator*]" = YES;
				"INFOPLIST_KEY_UILaunchScreen_Generation[sdk=iphoneos*]" = YES;
				"INFOPLIST_KEY_UILaunchScreen_Generation[sdk=iphonesimulator*]" = YES;
				"INFOPLIST_KEY_UIStatusBarStyle[sdk=iphoneos*]" = UIStatusBarStyleDefault;
				"INFOPLIST_KEY_UIStatusBarStyle[sdk=iphonesimulator*]" = UIStatusBarStyleDefault;
				INFOPLIST_KEY_UISupportedInterfaceOrientations = "UIInterfaceOrientationPortrait UIInterfaceOrientationPortraitUpsideDown";
				INFOPLIST_KEY_UISupportedInterfaceOrientations_iPad = "UIInterfaceOrientationLandscapeLeft UIInterfaceOrientationLandscapeRight UIInterfaceOrientationPortrait UIInterfaceOrientationPortraitUpsideDown";
				IPHONEOS_DEPLOYMENT_TARGET = 16.0;
				LD_RUNPATH_SEARCH_PATHS = "@executable_path/Frameworks";
				"LD_RUNPATH_SEARCH_PATHS[sdk=macosx*]" = "@executable_path/../Frameworks";
				MACOSX_DEPLOYMENT_TARGET = 12.3;
				MARKETING_VERSION = 0.2;
				PRODUCT_BUNDLE_IDENTIFIER = "com.cannot-climb.gripp-ios";
				PRODUCT_NAME = "$(TARGET_NAME)";
				PROVISIONING_PROFILE_SPECIFIER = "";
				SDKROOT = auto;
				SUPPORTED_PLATFORMS = "iphoneos iphonesimulator";
				SUPPORTS_MACCATALYST = NO;
				SUPPORTS_MAC_DESIGNED_FOR_IPHONE_IPAD = NO;
				SWIFT_EMIT_LOC_STRINGS = YES;
				SWIFT_VERSION = 5.0;
				TARGETED_DEVICE_FAMILY = 1;
			};
			name = Debug;
		};
		3C2BE51228D8CD7C007A24FD /* Release */ = {
			isa = XCBuildConfiguration;
			baseConfigurationReference = E10DA180CC81AED9E29BD843 /* Pods-gripp-ios.release.xcconfig */;
			buildSettings = {
				ASSETCATALOG_COMPILER_APPICON_NAME = "";
				ASSETCATALOG_COMPILER_GLOBAL_ACCENT_COLOR_NAME = AccentColor;
				ASSETCATALOG_COMPILER_INCLUDE_ALL_APPICON_ASSETS = YES;
				CODE_SIGN_ENTITLEMENTS = "gripp-ios/gripp_ios.entitlements";
				CODE_SIGN_IDENTITY = "Apple Development";
				CODE_SIGN_STYLE = Automatic;
				CURRENT_PROJECT_VERSION = 1;
				DEAD_CODE_STRIPPING = YES;
				DEVELOPMENT_ASSET_PATHS = "";
				DEVELOPMENT_TEAM = 45339DQ884;
				ENABLE_PREVIEWS = YES;
				GENERATE_INFOPLIST_FILE = YES;
				INFOPLIST_FILE = "gripp-ios/Info.plist";
				INFOPLIST_KEY_CFBundleDisplayName = Gripp;
				INFOPLIST_KEY_LSApplicationCategoryType = "public.app-category.social-networking";
				"INFOPLIST_KEY_UIApplicationSceneManifest_Generation[sdk=iphoneos*]" = YES;
				"INFOPLIST_KEY_UIApplicationSceneManifest_Generation[sdk=iphonesimulator*]" = YES;
				"INFOPLIST_KEY_UIApplicationSupportsIndirectInputEvents[sdk=iphoneos*]" = YES;
				"INFOPLIST_KEY_UIApplicationSupportsIndirectInputEvents[sdk=iphonesimulator*]" = YES;
				"INFOPLIST_KEY_UILaunchScreen_Generation[sdk=iphoneos*]" = YES;
				"INFOPLIST_KEY_UILaunchScreen_Generation[sdk=iphonesimulator*]" = YES;
				"INFOPLIST_KEY_UIStatusBarStyle[sdk=iphoneos*]" = UIStatusBarStyleDefault;
				"INFOPLIST_KEY_UIStatusBarStyle[sdk=iphonesimulator*]" = UIStatusBarStyleDefault;
				INFOPLIST_KEY_UISupportedInterfaceOrientations = "UIInterfaceOrientationPortrait UIInterfaceOrientationPortraitUpsideDown";
				INFOPLIST_KEY_UISupportedInterfaceOrientations_iPad = "UIInterfaceOrientationLandscapeLeft UIInterfaceOrientationLandscapeRight UIInterfaceOrientationPortrait UIInterfaceOrientationPortraitUpsideDown";
				IPHONEOS_DEPLOYMENT_TARGET = 16.0;
				LD_RUNPATH_SEARCH_PATHS = "@executable_path/Frameworks";
				"LD_RUNPATH_SEARCH_PATHS[sdk=macosx*]" = "@executable_path/../Frameworks";
				MACOSX_DEPLOYMENT_TARGET = 12.3;
				MARKETING_VERSION = 0.2;
				PRODUCT_BUNDLE_IDENTIFIER = "com.cannot-climb.gripp-ios";
				PRODUCT_NAME = "$(TARGET_NAME)";
				PROVISIONING_PROFILE_SPECIFIER = "";
				SDKROOT = auto;
				SUPPORTED_PLATFORMS = "iphoneos iphonesimulator";
				SUPPORTS_MACCATALYST = NO;
				SUPPORTS_MAC_DESIGNED_FOR_IPHONE_IPAD = NO;
				SWIFT_EMIT_LOC_STRINGS = YES;
				SWIFT_VERSION = 5.0;
				TARGETED_DEVICE_FAMILY = 1;
			};
			name = Release;
		};
		3C2BE51428D8CD7C007A24FD /* Debug */ = {
			isa = XCBuildConfiguration;
			baseConfigurationReference = 6BBC698D32C48B3D2DE4ED4B /* Pods-gripp-iosTests.debug.xcconfig */;
			buildSettings = {
				ALWAYS_EMBED_SWIFT_STANDARD_LIBRARIES = YES;
				BUNDLE_LOADER = "$(TEST_HOST)";
				CODE_SIGN_STYLE = Automatic;
				CURRENT_PROJECT_VERSION = 1;
				DEAD_CODE_STRIPPING = YES;
				GENERATE_INFOPLIST_FILE = YES;
				IPHONEOS_DEPLOYMENT_TARGET = 16.0;
				MACOSX_DEPLOYMENT_TARGET = 12.3;
				MARKETING_VERSION = 1.0;
				PRODUCT_BUNDLE_IDENTIFIER = "com.cannot-climb.gripp-iosTests";
				PRODUCT_NAME = "$(TARGET_NAME)";
				SDKROOT = auto;
				SUPPORTED_PLATFORMS = "iphoneos iphonesimulator macosx";
				SWIFT_EMIT_LOC_STRINGS = NO;
				SWIFT_VERSION = 5.0;
				TARGETED_DEVICE_FAMILY = "1,2";
				TEST_HOST = "$(BUILT_PRODUCTS_DIR)/gripp-ios.app/$(BUNDLE_EXECUTABLE_FOLDER_PATH)/gripp-ios";
			};
			name = Debug;
		};
		3C2BE51528D8CD7C007A24FD /* Release */ = {
			isa = XCBuildConfiguration;
			baseConfigurationReference = BEDEE73EAE526A6DDF825A03 /* Pods-gripp-iosTests.release.xcconfig */;
			buildSettings = {
				ALWAYS_EMBED_SWIFT_STANDARD_LIBRARIES = YES;
				BUNDLE_LOADER = "$(TEST_HOST)";
				CODE_SIGN_STYLE = Automatic;
				CURRENT_PROJECT_VERSION = 1;
				DEAD_CODE_STRIPPING = YES;
				GENERATE_INFOPLIST_FILE = YES;
				IPHONEOS_DEPLOYMENT_TARGET = 16.0;
				MACOSX_DEPLOYMENT_TARGET = 12.3;
				MARKETING_VERSION = 1.0;
				PRODUCT_BUNDLE_IDENTIFIER = "com.cannot-climb.gripp-iosTests";
				PRODUCT_NAME = "$(TARGET_NAME)";
				SDKROOT = auto;
				SUPPORTED_PLATFORMS = "iphoneos iphonesimulator macosx";
				SWIFT_EMIT_LOC_STRINGS = NO;
				SWIFT_VERSION = 5.0;
				TARGETED_DEVICE_FAMILY = "1,2";
				TEST_HOST = "$(BUILT_PRODUCTS_DIR)/gripp-ios.app/$(BUNDLE_EXECUTABLE_FOLDER_PATH)/gripp-ios";
			};
			name = Release;
		};
		3C2BE51728D8CD7C007A24FD /* Debug */ = {
			isa = XCBuildConfiguration;
			baseConfigurationReference = 84A53AF294A0F42454E7AA0D /* Pods-gripp-ios-gripp-iosUITests.debug.xcconfig */;
			buildSettings = {
				ALWAYS_EMBED_SWIFT_STANDARD_LIBRARIES = YES;
				CODE_SIGN_STYLE = Automatic;
				CURRENT_PROJECT_VERSION = 1;
				DEAD_CODE_STRIPPING = YES;
				GENERATE_INFOPLIST_FILE = YES;
				IPHONEOS_DEPLOYMENT_TARGET = 16.0;
				MACOSX_DEPLOYMENT_TARGET = 12.3;
				MARKETING_VERSION = 1.0;
				PRODUCT_BUNDLE_IDENTIFIER = "com.cannot-climb.gripp-iosUITests";
				PRODUCT_NAME = "$(TARGET_NAME)";
				SDKROOT = auto;
				SUPPORTED_PLATFORMS = "iphoneos iphonesimulator macosx";
				SWIFT_EMIT_LOC_STRINGS = NO;
				SWIFT_VERSION = 5.0;
				TARGETED_DEVICE_FAMILY = "1,2";
				TEST_TARGET_NAME = "gripp-ios";
			};
			name = Debug;
		};
		3C2BE51828D8CD7C007A24FD /* Release */ = {
			isa = XCBuildConfiguration;
			baseConfigurationReference = ECD4278582396F34A968A5FB /* Pods-gripp-ios-gripp-iosUITests.release.xcconfig */;
			buildSettings = {
				ALWAYS_EMBED_SWIFT_STANDARD_LIBRARIES = YES;
				CODE_SIGN_STYLE = Automatic;
				CURRENT_PROJECT_VERSION = 1;
				DEAD_CODE_STRIPPING = YES;
				GENERATE_INFOPLIST_FILE = YES;
				IPHONEOS_DEPLOYMENT_TARGET = 16.0;
				MACOSX_DEPLOYMENT_TARGET = 12.3;
				MARKETING_VERSION = 1.0;
				PRODUCT_BUNDLE_IDENTIFIER = "com.cannot-climb.gripp-iosUITests";
				PRODUCT_NAME = "$(TARGET_NAME)";
				SDKROOT = auto;
				SUPPORTED_PLATFORMS = "iphoneos iphonesimulator macosx";
				SWIFT_EMIT_LOC_STRINGS = NO;
				SWIFT_VERSION = 5.0;
				TARGETED_DEVICE_FAMILY = "1,2";
				TEST_TARGET_NAME = "gripp-ios";
			};
			name = Release;
		};
/* End XCBuildConfiguration section */

/* Begin XCConfigurationList section */
		3C2BE4E128D8CD7B007A24FD /* Build configuration list for PBXProject "gripp-ios" */ = {
			isa = XCConfigurationList;
			buildConfigurations = (
				3C2BE50E28D8CD7C007A24FD /* Debug */,
				3C2BE50F28D8CD7C007A24FD /* Release */,
			);
			defaultConfigurationIsVisible = 0;
			defaultConfigurationName = Release;
		};
		3C2BE51028D8CD7C007A24FD /* Build configuration list for PBXNativeTarget "gripp-ios" */ = {
			isa = XCConfigurationList;
			buildConfigurations = (
				3C2BE51128D8CD7C007A24FD /* Debug */,
				3C2BE51228D8CD7C007A24FD /* Release */,
			);
			defaultConfigurationIsVisible = 0;
			defaultConfigurationName = Release;
		};
		3C2BE51328D8CD7C007A24FD /* Build configuration list for PBXNativeTarget "gripp-iosTests" */ = {
			isa = XCConfigurationList;
			buildConfigurations = (
				3C2BE51428D8CD7C007A24FD /* Debug */,
				3C2BE51528D8CD7C007A24FD /* Release */,
			);
			defaultConfigurationIsVisible = 0;
			defaultConfigurationName = Release;
		};
		3C2BE51628D8CD7C007A24FD /* Build configuration list for PBXNativeTarget "gripp-iosUITests" */ = {
			isa = XCConfigurationList;
			buildConfigurations = (
				3C2BE51728D8CD7C007A24FD /* Debug */,
				3C2BE51828D8CD7C007A24FD /* Release */,
			);
			defaultConfigurationIsVisible = 0;
			defaultConfigurationName = Release;
		};
/* End XCConfigurationList section */

/* Begin XCVersionGroup section */
		3C2BE4ED28D8CD7B007A24FD /* gripp_ios.xcdatamodeld */ = {
			isa = XCVersionGroup;
			children = (
				3C2BE4EE28D8CD7B007A24FD /* gripp_ios.xcdatamodel */,
			);
			currentVersion = 3C2BE4EE28D8CD7B007A24FD /* gripp_ios.xcdatamodel */;
			path = gripp_ios.xcdatamodeld;
			sourceTree = "<group>";
			versionGroupType = wrapper.xcdatamodel;
		};
/* End XCVersionGroup section */
	};
	rootObject = 3C2BE4DE28D8CD7B007A24FD /* Project object */;
}
